// !$*UTF8*$!
{
	archiveVersion = 1;
	classes = {
	};
	objectVersion = 56;
	objects = {

/* Begin PBXBuildFile section */
		1E008E532C46EB3100FA6DF0 /* BannerDataModel.swift in Sources */ = {isa = PBXBuildFile; fileRef = 1E008E522C46EB3100FA6DF0 /* BannerDataModel.swift */; };
		1E008E552C46EBCC00FA6DF0 /* BannerViewModel.swift in Sources */ = {isa = PBXBuildFile; fileRef = 1E008E542C46EBCC00FA6DF0 /* BannerViewModel.swift */; };
		1E3174E32C46FE0500C8A667 /* ImageLoader.swift in Sources */ = {isa = PBXBuildFile; fileRef = 1E3174E22C46FE0500C8A667 /* ImageLoader.swift */; };
		1E3174E52C46FE4000C8A667 /* AsyncImageView.swift in Sources */ = {isa = PBXBuildFile; fileRef = 1E3174E42C46FE4000C8A667 /* AsyncImageView.swift */; };
		1E3174E72C4703C400C8A667 /* CategoryDataModel.swift in Sources */ = {isa = PBXBuildFile; fileRef = 1E3174E62C4703C400C8A667 /* CategoryDataModel.swift */; };
		1E3174E92C4703E000C8A667 /* CategoryViewModel.swift in Sources */ = {isa = PBXBuildFile; fileRef = 1E3174E82C4703E000C8A667 /* CategoryViewModel.swift */; };
		1E3174EC2C47228700C8A667 /* StoreDataModel.swift in Sources */ = {isa = PBXBuildFile; fileRef = 1E3174EB2C47228700C8A667 /* StoreDataModel.swift */; };
		1E3174EE2C4722A600C8A667 /* StoreViewModel.swift in Sources */ = {isa = PBXBuildFile; fileRef = 1E3174ED2C4722A600C8A667 /* StoreViewModel.swift */; };
		1E3496ED2C45EF0700C178DA /* HomeView.swift in Sources */ = {isa = PBXBuildFile; fileRef = 1E3496EC2C45EF0700C178DA /* HomeView.swift */; };
		1E3496EF2C45FECE00C178DA /* TopBarView.swift in Sources */ = {isa = PBXBuildFile; fileRef = 1E3496EE2C45FECE00C178DA /* TopBarView.swift */; };
		1E3496F12C45FF8F00C178DA /* BannerCard.swift in Sources */ = {isa = PBXBuildFile; fileRef = 1E3496F02C45FF8F00C178DA /* BannerCard.swift */; };
		1E3496F32C460C2700C178DA /* BannerListView.swift in Sources */ = {isa = PBXBuildFile; fileRef = 1E3496F22C460C2700C178DA /* BannerListView.swift */; };
		1E3496F52C460C7700C178DA /* CategoryCard.swift in Sources */ = {isa = PBXBuildFile; fileRef = 1E3496F42C460C7700C178DA /* CategoryCard.swift */; };
		1E3496F72C460EA800C178DA /* CategoryListView.swift in Sources */ = {isa = PBXBuildFile; fileRef = 1E3496F62C460EA800C178DA /* CategoryListView.swift */; };
		1E3496F92C4612D900C178DA /* StoreCard.swift in Sources */ = {isa = PBXBuildFile; fileRef = 1E3496F82C4612D900C178DA /* StoreCard.swift */; };
		1E3496FB2C4618C500C178DA /* StoreListView.swift in Sources */ = {isa = PBXBuildFile; fileRef = 1E3496FA2C4618C500C178DA /* StoreListView.swift */; };
		1E7206FA2C45DA6D00DEB6D2 /* MandaoApp.swift in Sources */ = {isa = PBXBuildFile; fileRef = 1E7206F92C45DA6D00DEB6D2 /* MandaoApp.swift */; };
		1E7206FC2C45DA6D00DEB6D2 /* ContentView.swift in Sources */ = {isa = PBXBuildFile; fileRef = 1E7206FB2C45DA6D00DEB6D2 /* ContentView.swift */; };
		1E7206FE2C45DA6F00DEB6D2 /* Assets.xcassets in Resources */ = {isa = PBXBuildFile; fileRef = 1E7206FD2C45DA6F00DEB6D2 /* Assets.xcassets */; };
		1E7207012C45DA6F00DEB6D2 /* Preview Assets.xcassets in Resources */ = {isa = PBXBuildFile; fileRef = 1E7207002C45DA6F00DEB6D2 /* Preview Assets.xcassets */; };
		1E72070C2C45DCD500DEB6D2 /* LoginView.swift in Sources */ = {isa = PBXBuildFile; fileRef = 1E72070B2C45DCD500DEB6D2 /* LoginView.swift */; };
		1EB51F4B2C4630F4007F833D /* AppState.swift in Sources */ = {isa = PBXBuildFile; fileRef = 1EB51F4A2C4630F4007F833D /* AppState.swift */; };
		1EB51F522C4635BF007F833D /* CityDataModel.swift in Sources */ = {isa = PBXBuildFile; fileRef = 1EB51F512C4635BF007F833D /* CityDataModel.swift */; };
		1EB51F542C4635E8007F833D /* CityViewModel.swift in Sources */ = {isa = PBXBuildFile; fileRef = 1EB51F532C4635E8007F833D /* CityViewModel.swift */; };
		1EB51F572C463809007F833D /* Alamofire in Frameworks */ = {isa = PBXBuildFile; productRef = 1EB51F562C463809007F833D /* Alamofire */; };
/* End PBXBuildFile section */

/* Begin PBXFileReference section */
		1E008E522C46EB3100FA6DF0 /* BannerDataModel.swift */ = {isa = PBXFileReference; lastKnownFileType = sourcecode.swift; path = BannerDataModel.swift; sourceTree = "<group>"; };
		1E008E542C46EBCC00FA6DF0 /* BannerViewModel.swift */ = {isa = PBXFileReference; lastKnownFileType = sourcecode.swift; path = BannerViewModel.swift; sourceTree = "<group>"; };
		1E3174E22C46FE0500C8A667 /* ImageLoader.swift */ = {isa = PBXFileReference; lastKnownFileType = sourcecode.swift; path = ImageLoader.swift; sourceTree = "<group>"; };
		1E3174E42C46FE4000C8A667 /* AsyncImageView.swift */ = {isa = PBXFileReference; lastKnownFileType = sourcecode.swift; path = AsyncImageView.swift; sourceTree = "<group>"; };
		1E3174E62C4703C400C8A667 /* CategoryDataModel.swift */ = {isa = PBXFileReference; lastKnownFileType = sourcecode.swift; path = CategoryDataModel.swift; sourceTree = "<group>"; };
		1E3174E82C4703E000C8A667 /* CategoryViewModel.swift */ = {isa = PBXFileReference; lastKnownFileType = sourcecode.swift; path = CategoryViewModel.swift; sourceTree = "<group>"; };
		1E3174EB2C47228700C8A667 /* StoreDataModel.swift */ = {isa = PBXFileReference; lastKnownFileType = sourcecode.swift; path = StoreDataModel.swift; sourceTree = "<group>"; };
		1E3174ED2C4722A600C8A667 /* StoreViewModel.swift */ = {isa = PBXFileReference; lastKnownFileType = sourcecode.swift; path = StoreViewModel.swift; sourceTree = "<group>"; };
		1E3496EC2C45EF0700C178DA /* HomeView.swift */ = {isa = PBXFileReference; lastKnownFileType = sourcecode.swift; path = HomeView.swift; sourceTree = "<group>"; };
		1E3496EE2C45FECE00C178DA /* TopBarView.swift */ = {isa = PBXFileReference; lastKnownFileType = sourcecode.swift; path = TopBarView.swift; sourceTree = "<group>"; };
		1E3496F02C45FF8F00C178DA /* BannerCard.swift */ = {isa = PBXFileReference; lastKnownFileType = sourcecode.swift; path = BannerCard.swift; sourceTree = "<group>"; };
		1E3496F22C460C2700C178DA /* BannerListView.swift */ = {isa = PBXFileReference; lastKnownFileType = sourcecode.swift; path = BannerListView.swift; sourceTree = "<group>"; };
		1E3496F42C460C7700C178DA /* CategoryCard.swift */ = {isa = PBXFileReference; lastKnownFileType = sourcecode.swift; path = CategoryCard.swift; sourceTree = "<group>"; };
		1E3496F62C460EA800C178DA /* CategoryListView.swift */ = {isa = PBXFileReference; lastKnownFileType = sourcecode.swift; path = CategoryListView.swift; sourceTree = "<group>"; };
		1E3496F82C4612D900C178DA /* StoreCard.swift */ = {isa = PBXFileReference; lastKnownFileType = sourcecode.swift; path = StoreCard.swift; sourceTree = "<group>"; };
		1E3496FA2C4618C500C178DA /* StoreListView.swift */ = {isa = PBXFileReference; lastKnownFileType = sourcecode.swift; path = StoreListView.swift; sourceTree = "<group>"; };
		1E7206F62C45DA6D00DEB6D2 /* Mandao.app */ = {isa = PBXFileReference; explicitFileType = wrapper.application; includeInIndex = 0; path = Mandao.app; sourceTree = BUILT_PRODUCTS_DIR; };
		1E7206F92C45DA6D00DEB6D2 /* MandaoApp.swift */ = {isa = PBXFileReference; lastKnownFileType = sourcecode.swift; path = MandaoApp.swift; sourceTree = "<group>"; };
		1E7206FB2C45DA6D00DEB6D2 /* ContentView.swift */ = {isa = PBXFileReference; lastKnownFileType = sourcecode.swift; path = ContentView.swift; sourceTree = "<group>"; };
		1E7206FD2C45DA6F00DEB6D2 /* Assets.xcassets */ = {isa = PBXFileReference; lastKnownFileType = folder.assetcatalog; path = Assets.xcassets; sourceTree = "<group>"; };
		1E7207002C45DA6F00DEB6D2 /* Preview Assets.xcassets */ = {isa = PBXFileReference; lastKnownFileType = folder.assetcatalog; path = "Preview Assets.xcassets"; sourceTree = "<group>"; };
		1E72070B2C45DCD500DEB6D2 /* LoginView.swift */ = {isa = PBXFileReference; lastKnownFileType = sourcecode.swift; path = LoginView.swift; sourceTree = "<group>"; };
		1EB51F452C462969007F833D /* Info.plist */ = {isa = PBXFileReference; lastKnownFileType = text.plist; path = Info.plist; sourceTree = "<group>"; };
		1EB51F4A2C4630F4007F833D /* AppState.swift */ = {isa = PBXFileReference; lastKnownFileType = sourcecode.swift; path = AppState.swift; sourceTree = "<group>"; };
		1EB51F512C4635BF007F833D /* CityDataModel.swift */ = {isa = PBXFileReference; lastKnownFileType = sourcecode.swift; path = CityDataModel.swift; sourceTree = "<group>"; };
		1EB51F532C4635E8007F833D /* CityViewModel.swift */ = {isa = PBXFileReference; lastKnownFileType = sourcecode.swift; path = CityViewModel.swift; sourceTree = "<group>"; };
/* End PBXFileReference section */

/* Begin PBXFrameworksBuildPhase section */
		1E7206F32C45DA6D00DEB6D2 /* Frameworks */ = {
			isa = PBXFrameworksBuildPhase;
			buildActionMask = 2147483647;
			files = (
				1EB51F572C463809007F833D /* Alamofire in Frameworks */,
			);
			runOnlyForDeploymentPostprocessing = 0;
		};
/* End PBXFrameworksBuildPhase section */

/* Begin PBXGroup section */
		1E3496EB2C45EEF800C178DA /* Home */ = {
			isa = PBXGroup;
			children = (
				1E3496EC2C45EF0700C178DA /* HomeView.swift */,
				1E3496EE2C45FECE00C178DA /* TopBarView.swift */,
				1E3496F02C45FF8F00C178DA /* BannerCard.swift */,
				1E3496F22C460C2700C178DA /* BannerListView.swift */,
				1E3496F42C460C7700C178DA /* CategoryCard.swift */,
				1E3496F62C460EA800C178DA /* CategoryListView.swift */,
				1E3496F82C4612D900C178DA /* StoreCard.swift */,
				1E3496FA2C4618C500C178DA /* StoreListView.swift */,
			);
			path = Home;
			sourceTree = "<group>";
		};
		1E7206ED2C45DA6D00DEB6D2 = {
			isa = PBXGroup;
			children = (
				1E7206F82C45DA6D00DEB6D2 /* Mandao */,
				1E7206F72C45DA6D00DEB6D2 /* Products */,
			);
			sourceTree = "<group>";
		};
		1E7206F72C45DA6D00DEB6D2 /* Products */ = {
			isa = PBXGroup;
			children = (
				1E7206F62C45DA6D00DEB6D2 /* Mandao.app */,
			);
			name = Products;
			sourceTree = "<group>";
		};
		1E7206F82C45DA6D00DEB6D2 /* Mandao */ = {
			isa = PBXGroup;
			children = (
				1EB51F452C462969007F833D /* Info.plist */,
				1E7207092C45DCB400DEB6D2 /* Model */,
				1E7207082C45DCAA00DEB6D2 /* View */,
				1E7207072C45DC9D00DEB6D2 /* ViewModel */,
				1E7206F92C45DA6D00DEB6D2 /* MandaoApp.swift */,
				1E7206FD2C45DA6F00DEB6D2 /* Assets.xcassets */,
				1E7206FF2C45DA6F00DEB6D2 /* Preview Content */,
			);
			path = Mandao;
			sourceTree = "<group>";
		};
		1E7206FF2C45DA6F00DEB6D2 /* Preview Content */ = {
			isa = PBXGroup;
			children = (
				1E7207002C45DA6F00DEB6D2 /* Preview Assets.xcassets */,
			);
			path = "Preview Content";
			sourceTree = "<group>";
		};
		1E7207072C45DC9D00DEB6D2 /* ViewModel */ = {
			isa = PBXGroup;
			children = (
				1EB51F532C4635E8007F833D /* CityViewModel.swift */,
				1E008E542C46EBCC00FA6DF0 /* BannerViewModel.swift */,
				1E3174E22C46FE0500C8A667 /* ImageLoader.swift */,
				1E3174E82C4703E000C8A667 /* CategoryViewModel.swift */,
				1E3174ED2C4722A600C8A667 /* StoreViewModel.swift */,
			);
			path = ViewModel;
			sourceTree = "<group>";
		};
		1E7207082C45DCAA00DEB6D2 /* View */ = {
			isa = PBXGroup;
			children = (
				1E3496EB2C45EEF800C178DA /* Home */,
				1E72070A2C45DCC200DEB6D2 /* Login */,
				1E7206FB2C45DA6D00DEB6D2 /* ContentView.swift */,
				1E3174E42C46FE4000C8A667 /* AsyncImageView.swift */,
			);
			path = View;
			sourceTree = "<group>";
		};
		1E7207092C45DCB400DEB6D2 /* Model */ = {
			isa = PBXGroup;
			children = (
				1EB51F4A2C4630F4007F833D /* AppState.swift */,
				1EB51F512C4635BF007F833D /* CityDataModel.swift */,
				1E008E522C46EB3100FA6DF0 /* BannerDataModel.swift */,
				1E3174E62C4703C400C8A667 /* CategoryDataModel.swift */,
				1E3174EB2C47228700C8A667 /* StoreDataModel.swift */,
			);
			path = Model;
			sourceTree = "<group>";
		};
		1E72070A2C45DCC200DEB6D2 /* Login */ = {
			isa = PBXGroup;
			children = (
				1E72070B2C45DCD500DEB6D2 /* LoginView.swift */,
			);
			path = Login;
			sourceTree = "<group>";
		};
/* End PBXGroup section */

/* Begin PBXNativeTarget section */
		1E7206F52C45DA6D00DEB6D2 /* Mandao */ = {
			isa = PBXNativeTarget;
			buildConfigurationList = 1E7207042C45DA6F00DEB6D2 /* Build configuration list for PBXNativeTarget "Mandao" */;
			buildPhases = (
				1E7206F22C45DA6D00DEB6D2 /* Sources */,
				1E7206F32C45DA6D00DEB6D2 /* Frameworks */,
				1E7206F42C45DA6D00DEB6D2 /* Resources */,
			);
			buildRules = (
			);
			dependencies = (
			);
			name = Mandao;
			packageProductDependencies = (
				1EB51F562C463809007F833D /* Alamofire */,
			);
			productName = Mandao;
			productReference = 1E7206F62C45DA6D00DEB6D2 /* Mandao.app */;
			productType = "com.apple.product-type.application";
		};
/* End PBXNativeTarget section */

/* Begin PBXProject section */
		1E7206EE2C45DA6D00DEB6D2 /* Project object */ = {
			isa = PBXProject;
			attributes = {
				BuildIndependentTargetsInParallel = 1;
				LastSwiftUpdateCheck = 1540;
				LastUpgradeCheck = 1540;
				TargetAttributes = {
					1E7206F52C45DA6D00DEB6D2 = {
						CreatedOnToolsVersion = 15.4;
					};
				};
			};
			buildConfigurationList = 1E7206F12C45DA6D00DEB6D2 /* Build configuration list for PBXProject "Mandao" */;
			compatibilityVersion = "Xcode 14.0";
			developmentRegion = en;
			hasScannedForEncodings = 0;
			knownRegions = (
				en,
				Base,
			);
			mainGroup = 1E7206ED2C45DA6D00DEB6D2;
			packageReferences = (
				1EB51F552C463809007F833D /* XCRemoteSwiftPackageReference "Alamofire" */,
			);
			productRefGroup = 1E7206F72C45DA6D00DEB6D2 /* Products */;
			projectDirPath = "";
			projectRoot = "";
			targets = (
				1E7206F52C45DA6D00DEB6D2 /* Mandao */,
			);
		};
/* End PBXProject section */

/* Begin PBXResourcesBuildPhase section */
		1E7206F42C45DA6D00DEB6D2 /* Resources */ = {
			isa = PBXResourcesBuildPhase;
			buildActionMask = 2147483647;
			files = (
				1E7207012C45DA6F00DEB6D2 /* Preview Assets.xcassets in Resources */,
				1E7206FE2C45DA6F00DEB6D2 /* Assets.xcassets in Resources */,
			);
			runOnlyForDeploymentPostprocessing = 0;
		};
/* End PBXResourcesBuildPhase section */

/* Begin PBXSourcesBuildPhase section */
		1E7206F22C45DA6D00DEB6D2 /* Sources */ = {
			isa = PBXSourcesBuildPhase;
			buildActionMask = 2147483647;
			files = (
				1E3496F12C45FF8F00C178DA /* BannerCard.swift in Sources */,
				1E3496EF2C45FECE00C178DA /* TopBarView.swift in Sources */,
				1E008E552C46EBCC00FA6DF0 /* BannerViewModel.swift in Sources */,
				1E3496FB2C4618C500C178DA /* StoreListView.swift in Sources */,
				1E008E532C46EB3100FA6DF0 /* BannerDataModel.swift in Sources */,
				1E3174E52C46FE4000C8A667 /* AsyncImageView.swift in Sources */,
				1EB51F4B2C4630F4007F833D /* AppState.swift in Sources */,
				1E72070C2C45DCD500DEB6D2 /* LoginView.swift in Sources */,
				1EB51F542C4635E8007F833D /* CityViewModel.swift in Sources */,
				1E3496ED2C45EF0700C178DA /* HomeView.swift in Sources */,
				1E3174E72C4703C400C8A667 /* CategoryDataModel.swift in Sources */,
				1E7206FC2C45DA6D00DEB6D2 /* ContentView.swift in Sources */,
				1E3174EC2C47228700C8A667 /* StoreDataModel.swift in Sources */,
				1E3174E92C4703E000C8A667 /* CategoryViewModel.swift in Sources */,
				1E7206FA2C45DA6D00DEB6D2 /* MandaoApp.swift in Sources */,
				1E3174E32C46FE0500C8A667 /* ImageLoader.swift in Sources */,
				1E3496F92C4612D900C178DA /* StoreCard.swift in Sources */,
				1E3496F72C460EA800C178DA /* CategoryListView.swift in Sources */,
				1EB51F522C4635BF007F833D /* CityDataModel.swift in Sources */,
				1E3496F32C460C2700C178DA /* BannerListView.swift in Sources */,
				1E3174EE2C4722A600C8A667 /* StoreViewModel.swift in Sources */,
				1E3496F52C460C7700C178DA /* CategoryCard.swift in Sources */,
			);
			runOnlyForDeploymentPostprocessing = 0;
		};
/* End PBXSourcesBuildPhase section */

/* Begin XCBuildConfiguration section */
		1E7207022C45DA6F00DEB6D2 /* Debug */ = {
			isa = XCBuildConfiguration;
			buildSettings = {
				ALWAYS_SEARCH_USER_PATHS = NO;
				ASSETCATALOG_COMPILER_GENERATE_SWIFT_ASSET_SYMBOL_EXTENSIONS = YES;
				CLANG_ANALYZER_NONNULL = YES;
				CLANG_ANALYZER_NUMBER_OBJECT_CONVERSION = YES_AGGRESSIVE;
				CLANG_CXX_LANGUAGE_STANDARD = "gnu++20";
				CLANG_ENABLE_MODULES = YES;
				CLANG_ENABLE_OBJC_ARC = YES;
				CLANG_ENABLE_OBJC_WEAK = YES;
				CLANG_WARN_BLOCK_CAPTURE_AUTORELEASING = YES;
				CLANG_WARN_BOOL_CONVERSION = YES;
				CLANG_WARN_COMMA = YES;
				CLANG_WARN_CONSTANT_CONVERSION = YES;
				CLANG_WARN_DEPRECATED_OBJC_IMPLEMENTATIONS = YES;
				CLANG_WARN_DIRECT_OBJC_ISA_USAGE = YES_ERROR;
				CLANG_WARN_DOCUMENTATION_COMMENTS = YES;
				CLANG_WARN_EMPTY_BODY = YES;
				CLANG_WARN_ENUM_CONVERSION = YES;
				CLANG_WARN_INFINITE_RECURSION = YES;
				CLANG_WARN_INT_CONVERSION = YES;
				CLANG_WARN_NON_LITERAL_NULL_CONVERSION = YES;
				CLANG_WARN_OBJC_IMPLICIT_RETAIN_SELF = YES;
				CLANG_WARN_OBJC_LITERAL_CONVERSION = YES;
				CLANG_WARN_OBJC_ROOT_CLASS = YES_ERROR;
				CLANG_WARN_QUOTED_INCLUDE_IN_FRAMEWORK_HEADER = YES;
				CLANG_WARN_RANGE_LOOP_ANALYSIS = YES;
				CLANG_WARN_STRICT_PROTOTYPES = YES;
				CLANG_WARN_SUSPICIOUS_MOVE = YES;
				CLANG_WARN_UNGUARDED_AVAILABILITY = YES_AGGRESSIVE;
				CLANG_WARN_UNREACHABLE_CODE = YES;
				CLANG_WARN__DUPLICATE_METHOD_MATCH = YES;
				COPY_PHASE_STRIP = NO;
				DEBUG_INFORMATION_FORMAT = dwarf;
				ENABLE_STRICT_OBJC_MSGSEND = YES;
				ENABLE_TESTABILITY = YES;
				ENABLE_USER_SCRIPT_SANDBOXING = YES;
				GCC_C_LANGUAGE_STANDARD = gnu17;
				GCC_DYNAMIC_NO_PIC = NO;
				GCC_NO_COMMON_BLOCKS = YES;
				GCC_OPTIMIZATION_LEVEL = 0;
				GCC_PREPROCESSOR_DEFINITIONS = (
					"DEBUG=1",
					"$(inherited)",
				);
				GCC_WARN_64_TO_32_BIT_CONVERSION = YES;
				GCC_WARN_ABOUT_RETURN_TYPE = YES_ERROR;
				GCC_WARN_UNDECLARED_SELECTOR = YES;
				GCC_WARN_UNINITIALIZED_AUTOS = YES_AGGRESSIVE;
				GCC_WARN_UNUSED_FUNCTION = YES;
				GCC_WARN_UNUSED_VARIABLE = YES;
				IPHONEOS_DEPLOYMENT_TARGET = 17.5;
				LOCALIZATION_PREFERS_STRING_CATALOGS = YES;
				MTL_ENABLE_DEBUG_INFO = INCLUDE_SOURCE;
				MTL_FAST_MATH = YES;
				ONLY_ACTIVE_ARCH = YES;
				SDKROOT = iphoneos;
				SWIFT_ACTIVE_COMPILATION_CONDITIONS = "DEBUG $(inherited)";
				SWIFT_OPTIMIZATION_LEVEL = "-Onone";
			};
			name = Debug;
		};
		1E7207032C45DA6F00DEB6D2 /* Release */ = {
			isa = XCBuildConfiguration;
			buildSettings = {
				ALWAYS_SEARCH_USER_PATHS = NO;
				ASSETCATALOG_COMPILER_GENERATE_SWIFT_ASSET_SYMBOL_EXTENSIONS = YES;
				CLANG_ANALYZER_NONNULL = YES;
				CLANG_ANALYZER_NUMBER_OBJECT_CONVERSION = YES_AGGRESSIVE;
				CLANG_CXX_LANGUAGE_STANDARD = "gnu++20";
				CLANG_ENABLE_MODULES = YES;
				CLANG_ENABLE_OBJC_ARC = YES;
				CLANG_ENABLE_OBJC_WEAK = YES;
				CLANG_WARN_BLOCK_CAPTURE_AUTORELEASING = YES;
				CLANG_WARN_BOOL_CONVERSION = YES;
				CLANG_WARN_COMMA = YES;
				CLANG_WARN_CONSTANT_CONVERSION = YES;
				CLANG_WARN_DEPRECATED_OBJC_IMPLEMENTATIONS = YES;
				CLANG_WARN_DIRECT_OBJC_ISA_USAGE = YES_ERROR;
				CLANG_WARN_DOCUMENTATION_COMMENTS = YES;
				CLANG_WARN_EMPTY_BODY = YES;
				CLANG_WARN_ENUM_CONVERSION = YES;
				CLANG_WARN_INFINITE_RECURSION = YES;
				CLANG_WARN_INT_CONVERSION = YES;
				CLANG_WARN_NON_LITERAL_NULL_CONVERSION = YES;
				CLANG_WARN_OBJC_IMPLICIT_RETAIN_SELF = YES;
				CLANG_WARN_OBJC_LITERAL_CONVERSION = YES;
				CLANG_WARN_OBJC_ROOT_CLASS = YES_ERROR;
				CLANG_WARN_QUOTED_INCLUDE_IN_FRAMEWORK_HEADER = YES;
				CLANG_WARN_RANGE_LOOP_ANALYSIS = YES;
				CLANG_WARN_STRICT_PROTOTYPES = YES;
				CLANG_WARN_SUSPICIOUS_MOVE = YES;
				CLANG_WARN_UNGUARDED_AVAILABILITY = YES_AGGRESSIVE;
				CLANG_WARN_UNREACHABLE_CODE = YES;
				CLANG_WARN__DUPLICATE_METHOD_MATCH = YES;
				COPY_PHASE_STRIP = NO;
				DEBUG_INFORMATION_FORMAT = "dwarf-with-dsym";
				ENABLE_NS_ASSERTIONS = NO;
				ENABLE_STRICT_OBJC_MSGSEND = YES;
				ENABLE_USER_SCRIPT_SANDBOXING = YES;
				GCC_C_LANGUAGE_STANDARD = gnu17;
				GCC_NO_COMMON_BLOCKS = YES;
				GCC_WARN_64_TO_32_BIT_CONVERSION = YES;
				GCC_WARN_ABOUT_RETURN_TYPE = YES_ERROR;
				GCC_WARN_UNDECLARED_SELECTOR = YES;
				GCC_WARN_UNINITIALIZED_AUTOS = YES_AGGRESSIVE;
				GCC_WARN_UNUSED_FUNCTION = YES;
				GCC_WARN_UNUSED_VARIABLE = YES;
				IPHONEOS_DEPLOYMENT_TARGET = 17.5;
				LOCALIZATION_PREFERS_STRING_CATALOGS = YES;
				MTL_ENABLE_DEBUG_INFO = NO;
				MTL_FAST_MATH = YES;
				SDKROOT = iphoneos;
				SWIFT_COMPILATION_MODE = wholemodule;
				VALIDATE_PRODUCT = YES;
			};
			name = Release;
		};
		1E7207052C45DA6F00DEB6D2 /* Debug */ = {
			isa = XCBuildConfiguration;
			buildSettings = {
				ASSETCATALOG_COMPILER_APPICON_NAME = AppIcon;
				ASSETCATALOG_COMPILER_GLOBAL_ACCENT_COLOR_NAME = AccentColor;
				CODE_SIGN_STYLE = Automatic;
				CURRENT_PROJECT_VERSION = 1;
				DEVELOPMENT_ASSET_PATHS = "\"Mandao/Preview Content\"";
				DEVELOPMENT_TEAM = XV2X26M98W;
				ENABLE_PREVIEWS = YES;
				GENERATE_INFOPLIST_FILE = YES;
				INFOPLIST_FILE = Mandao/Info.plist;
				INFOPLIST_KEY_UIApplicationSceneManifest_Generation = YES;
				INFOPLIST_KEY_UIApplicationSupportsIndirectInputEvents = YES;
				INFOPLIST_KEY_UILaunchScreen_Generation = YES;
				INFOPLIST_KEY_UISupportedInterfaceOrientations_iPad = "UIInterfaceOrientationPortrait UIInterfaceOrientationPortraitUpsideDown UIInterfaceOrientationLandscapeLeft UIInterfaceOrientationLandscapeRight";
				INFOPLIST_KEY_UISupportedInterfaceOrientations_iPhone = "UIInterfaceOrientationPortrait UIInterfaceOrientationLandscapeLeft UIInterfaceOrientationLandscapeRight";
				LD_RUNPATH_SEARCH_PATHS = (
					"$(inherited)",
					"@executable_path/Frameworks",
				);
				MARKETING_VERSION = 1.0;
				PRODUCT_BUNDLE_IDENTIFIER = com.yorgisoft.Mandao;
				PRODUCT_NAME = "$(TARGET_NAME)";
				SWIFT_EMIT_LOC_STRINGS = YES;
				SWIFT_VERSION = 5.0;
				TARGETED_DEVICE_FAMILY = "1,2";
			};
			name = Debug;
		};
		1E7207062C45DA6F00DEB6D2 /* Release */ = {
			isa = XCBuildConfiguration;
			buildSettings = {
				ASSETCATALOG_COMPILER_APPICON_NAME = AppIcon;
				ASSETCATALOG_COMPILER_GLOBAL_ACCENT_COLOR_NAME = AccentColor;
				CODE_SIGN_STYLE = Automatic;
				CURRENT_PROJECT_VERSION = 1;
				DEVELOPMENT_ASSET_PATHS = "\"Mandao/Preview Content\"";
				DEVELOPMENT_TEAM = XV2X26M98W;
				ENABLE_PREVIEWS = YES;
				GENERATE_INFOPLIST_FILE = YES;
				INFOPLIST_FILE = Mandao/Info.plist;
				INFOPLIST_KEY_UIApplicationSceneManifest_Generation = YES;
				INFOPLIST_KEY_UIApplicationSupportsIndirectInputEvents = YES;
				INFOPLIST_KEY_UILaunchScreen_Generation = YES;
				INFOPLIST_KEY_UISupportedInterfaceOrientations_iPad = "UIInterfaceOrientationPortrait UIInterfaceOrientationPortraitUpsideDown UIInterfaceOrientationLandscapeLeft UIInterfaceOrientationLandscapeRight";
				INFOPLIST_KEY_UISupportedInterfaceOrientations_iPhone = "UIInterfaceOrientationPortrait UIInterfaceOrientationLandscapeLeft UIInterfaceOrientationLandscapeRight";
				LD_RUNPATH_SEARCH_PATHS = (
					"$(inherited)",
					"@executable_path/Frameworks",
				);
				MARKETING_VERSION = 1.0;
				PRODUCT_BUNDLE_IDENTIFIER = com.yorgisoft.Mandao;
				PRODUCT_NAME = "$(TARGET_NAME)";
				SWIFT_EMIT_LOC_STRINGS = YES;
				SWIFT_VERSION = 5.0;
				TARGETED_DEVICE_FAMILY = "1,2";
			};
			name = Release;
		};
/* End XCBuildConfiguration section */

/* Begin XCConfigurationList section */
		1E7206F12C45DA6D00DEB6D2 /* Build configuration list for PBXProject "Mandao" */ = {
			isa = XCConfigurationList;
			buildConfigurations = (
				1E7207022C45DA6F00DEB6D2 /* Debug */,
				1E7207032C45DA6F00DEB6D2 /* Release */,
			);
			defaultConfigurationIsVisible = 0;
			defaultConfigurationName = Release;
		};
		1E7207042C45DA6F00DEB6D2 /* Build configuration list for PBXNativeTarget "Mandao" */ = {
			isa = XCConfigurationList;
			buildConfigurations = (
				1E7207052C45DA6F00DEB6D2 /* Debug */,
				1E7207062C45DA6F00DEB6D2 /* Release */,
			);
			defaultConfigurationIsVisible = 0;
			defaultConfigurationName = Release;
		};
/* End XCConfigurationList section */

/* Begin XCRemoteSwiftPackageReference section */
		1EB51F552C463809007F833D /* XCRemoteSwiftPackageReference "Alamofire" */ = {
			isa = XCRemoteSwiftPackageReference;
			repositoryURL = "https://github.com/Alamofire/Alamofire.git";
			requirement = {
				kind = upToNextMajorVersion;
				minimumVersion = 5.9.1;
			};
		};
/* End XCRemoteSwiftPackageReference section */

/* Begin XCSwiftPackageProductDependency section */
		1EB51F562C463809007F833D /* Alamofire */ = {
			isa = XCSwiftPackageProductDependency;
			package = 1EB51F552C463809007F833D /* XCRemoteSwiftPackageReference "Alamofire" */;
			productName = Alamofire;
		};
/* End XCSwiftPackageProductDependency section */
	};
	rootObject = 1E7206EE2C45DA6D00DEB6D2 /* Project object */;
}
